# This file is automatically @generated by Poetry 1.8.3 and should not be changed by hand.

[[package]]
name = "atomicwrites"
version = "1.4.1"
description = "Atomic file writes."
optional = false
python-versions = ">=2.7, !=3.0.*, !=3.1.*, !=3.2.*, !=3.3.*"
files = [
    {file = "atomicwrites-1.4.1.tar.gz", hash = "sha256:81b2c9071a49367a7f770170e5eec8cb66567cfbbc8c73d20ce5ca4a8d71cf11"},
]

[[package]]
name = "attrs"
version = "24.2.0"
description = "Classes Without Boilerplate"
optional = false
python-versions = ">=3.7"
files = [
    {file = "attrs-24.2.0-py3-none-any.whl", hash = "sha256:81921eb96de3191c8258c199618104dd27ac608d9366f5e35d011eae1867ede2"},
    {file = "attrs-24.2.0.tar.gz", hash = "sha256:5cfb1b9148b5b086569baec03f20d7b6bf3bcacc9a42bebf87ffaaca362f6346"},
]

[package.extras]
benchmark = ["cloudpickle", "hypothesis", "mypy (>=1.11.1)", "pympler", "pytest (>=4.3.0)", "pytest-codspeed", "pytest-mypy-plugins", "pytest-xdist[psutil]"]
cov = ["cloudpickle", "coverage[toml] (>=5.3)", "hypothesis", "mypy (>=1.11.1)", "pympler", "pytest (>=4.3.0)", "pytest-mypy-plugins", "pytest-xdist[psutil]"]
dev = ["cloudpickle", "hypothesis", "mypy (>=1.11.1)", "pre-commit", "pympler", "pytest (>=4.3.0)", "pytest-mypy-plugins", "pytest-xdist[psutil]"]
docs = ["cogapp", "furo", "myst-parser", "sphinx", "sphinx-notfound-page", "sphinxcontrib-towncrier", "towncrier (<24.7)"]
tests = ["cloudpickle", "hypothesis", "mypy (>=1.11.1)", "pympler", "pytest (>=4.3.0)", "pytest-mypy-plugins", "pytest-xdist[psutil]"]
tests-mypy = ["mypy (>=1.11.1)", "pytest-mypy-plugins"]

[[package]]
name = "black"
version = "22.12.0"
description = "The uncompromising code formatter."
optional = false
python-versions = ">=3.7"
files = [
    {file = "black-22.12.0-cp310-cp310-manylinux_2_17_x86_64.manylinux2014_x86_64.whl", hash = "sha256:9eedd20838bd5d75b80c9f5487dbcb06836a43833a37846cf1d8c1cc01cef59d"},
    {file = "black-22.12.0-cp310-cp310-win_amd64.whl", hash = "sha256:159a46a4947f73387b4d83e87ea006dbb2337eab6c879620a3ba52699b1f4351"},
    {file = "black-22.12.0-cp311-cp311-manylinux_2_17_x86_64.manylinux2014_x86_64.whl", hash = "sha256:d30b212bffeb1e252b31dd269dfae69dd17e06d92b87ad26e23890f3efea366f"},
    {file = "black-22.12.0-cp311-cp311-win_amd64.whl", hash = "sha256:7412e75863aa5c5411886804678b7d083c7c28421210180d67dfd8cf1221e1f4"},
    {file = "black-22.12.0-cp37-cp37m-manylinux_2_17_x86_64.manylinux2014_x86_64.whl", hash = "sha256:c116eed0efb9ff870ded8b62fe9f28dd61ef6e9ddd28d83d7d264a38417dcee2"},
    {file = "black-22.12.0-cp37-cp37m-win_amd64.whl", hash = "sha256:1f58cbe16dfe8c12b7434e50ff889fa479072096d79f0a7f25e4ab8e94cd8350"},
    {file = "black-22.12.0-cp38-cp38-manylinux_2_17_x86_64.manylinux2014_x86_64.whl", hash = "sha256:77d86c9f3db9b1bf6761244bc0b3572a546f5fe37917a044e02f3166d5aafa7d"},
    {file = "black-22.12.0-cp38-cp38-win_amd64.whl", hash = "sha256:82d9fe8fee3401e02e79767016b4907820a7dc28d70d137eb397b92ef3cc5bfc"},
    {file = "black-22.12.0-cp39-cp39-manylinux_2_17_x86_64.manylinux2014_x86_64.whl", hash = "sha256:101c69b23df9b44247bd88e1d7e90154336ac4992502d4197bdac35dd7ee3320"},
    {file = "black-22.12.0-cp39-cp39-win_amd64.whl", hash = "sha256:559c7a1ba9a006226f09e4916060982fd27334ae1998e7a38b3f33a37f7a2148"},
    {file = "black-22.12.0-py3-none-any.whl", hash = "sha256:436cc9167dd28040ad90d3b404aec22cedf24a6e4d7de221bec2730ec0c97bcf"},
    {file = "black-22.12.0.tar.gz", hash = "sha256:229351e5a18ca30f447bf724d007f890f97e13af070bb6ad4c0a441cd7596a2f"},
]

[package.dependencies]
click = ">=8.0.0"
mypy-extensions = ">=0.4.3"
pathspec = ">=0.9.0"
platformdirs = ">=2"
tomli = {version = ">=1.1.0", markers = "python_full_version < \"3.11.0a7\""}
typing-extensions = {version = ">=3.10.0.0", markers = "python_version < \"3.10\""}

[package.extras]
colorama = ["colorama (>=0.4.3)"]
d = ["aiohttp (>=3.7.4)"]
jupyter = ["ipython (>=7.8.0)", "tokenize-rt (>=3.2.0)"]
uvloop = ["uvloop (>=0.15.2)"]

[[package]]
name = "click"
version = "8.1.7"
description = "Composable command line interface toolkit"
optional = false
python-versions = ">=3.7"
files = [
    {file = "click-8.1.7-py3-none-any.whl", hash = "sha256:ae74fb96c20a0277a1d615f1e4d73c8414f5a98db8b799a7931d1582f3390c28"},
    {file = "click-8.1.7.tar.gz", hash = "sha256:ca9853ad459e787e2192211578cc907e7594e294c7ccc834310722b41b9ca6de"},
]

[package.dependencies]
colorama = {version = "*", markers = "platform_system == \"Windows\""}

[[package]]
name = "colorama"
version = "0.4.6"
description = "Cross-platform colored terminal text."
optional = false
python-versions = "!=3.0.*,!=3.1.*,!=3.2.*,!=3.3.*,!=3.4.*,!=3.5.*,!=3.6.*,>=2.7"
files = [
    {file = "colorama-0.4.6-py2.py3-none-any.whl", hash = "sha256:4f1d9991f5acc0ca119f9d443620b77f9d6b33703e51011c16baf57afb285fc6"},
    {file = "colorama-0.4.6.tar.gz", hash = "sha256:08695f5cb7ed6e0531a20572697297273c47b8cae5a63ffc6d6ed5c201be6e44"},
]

[[package]]
name = "coverage"
version = "6.5.0"
description = "Code coverage measurement for Python"
optional = false
python-versions = ">=3.7"
files = [
    {file = "coverage-6.5.0-cp310-cp310-macosx_10_9_x86_64.whl", hash = "sha256:ef8674b0ee8cc11e2d574e3e2998aea5df5ab242e012286824ea3c6970580e53"},
    {file = "coverage-6.5.0-cp310-cp310-macosx_11_0_arm64.whl", hash = "sha256:784f53ebc9f3fd0e2a3f6a78b2be1bd1f5575d7863e10c6e12504f240fd06660"},
    {file = "coverage-6.5.0-cp310-cp310-manylinux_2_17_aarch64.manylinux2014_aarch64.whl", hash = "sha256:b4a5be1748d538a710f87542f22c2cad22f80545a847ad91ce45e77417293eb4"},
    {file = "coverage-6.5.0-cp310-cp310-manylinux_2_5_i686.manylinux1_i686.manylinux_2_17_i686.manylinux2014_i686.whl", hash = "sha256:83516205e254a0cb77d2d7bb3632ee019d93d9f4005de31dca0a8c3667d5bc04"},
    {file = "coverage-6.5.0-cp310-cp310-manylinux_2_5_x86_64.manylinux1_x86_64.manylinux_2_17_x86_64.manylinux2014_x86_64.whl", hash = "sha256:af4fffaffc4067232253715065e30c5a7ec6faac36f8fc8d6f64263b15f74db0"},
    {file = "coverage-6.5.0-cp310-cp310-musllinux_1_1_aarch64.whl", hash = "sha256:97117225cdd992a9c2a5515db1f66b59db634f59d0679ca1fa3fe8da32749cae"},
    {file = "coverage-6.5.0-cp310-cp310-musllinux_1_1_i686.whl", hash = "sha256:a1170fa54185845505fbfa672f1c1ab175446c887cce8212c44149581cf2d466"},
    {file = "coverage-6.5.0-cp310-cp310-musllinux_1_1_x86_64.whl", hash = "sha256:11b990d520ea75e7ee8dcab5bc908072aaada194a794db9f6d7d5cfd19661e5a"},
    {file = "coverage-6.5.0-cp310-cp310-win32.whl", hash = "sha256:5dbec3b9095749390c09ab7c89d314727f18800060d8d24e87f01fb9cfb40b32"},
    {file = "coverage-6.5.0-cp310-cp310-win_amd64.whl", hash = "sha256:59f53f1dc5b656cafb1badd0feb428c1e7bc19b867479ff72f7a9dd9b479f10e"},
    {file = "coverage-6.5.0-cp311-cp311-macosx_10_9_x86_64.whl", hash = "sha256:4a5375e28c5191ac38cca59b38edd33ef4cc914732c916f2929029b4bfb50795"},
    {file = "coverage-6.5.0-cp311-cp311-manylinux_2_17_aarch64.manylinux2014_aarch64.whl", hash = "sha256:c4ed2820d919351f4167e52425e096af41bfabacb1857186c1ea32ff9983ed75"},
    {file = "coverage-6.5.0-cp311-cp311-manylinux_2_5_i686.manylinux1_i686.manylinux_2_17_i686.manylinux2014_i686.whl", hash = "sha256:33a7da4376d5977fbf0a8ed91c4dffaaa8dbf0ddbf4c8eea500a2486d8bc4d7b"},
    {file = "coverage-6.5.0-cp311-cp311-manylinux_2_5_x86_64.manylinux1_x86_64.manylinux_2_17_x86_64.manylinux2014_x86_64.whl", hash = "sha256:a8fb6cf131ac4070c9c5a3e21de0f7dc5a0fbe8bc77c9456ced896c12fcdad91"},
    {file = "coverage-6.5.0-cp311-cp311-musllinux_1_1_aarch64.whl", hash = "sha256:a6b7d95969b8845250586f269e81e5dfdd8ff828ddeb8567a4a2eaa7313460c4"},
    {file = "coverage-6.5.0-cp311-cp311-musllinux_1_1_i686.whl", hash = "sha256:1ef221513e6f68b69ee9e159506d583d31aa3567e0ae84eaad9d6ec1107dddaa"},
    {file = "coverage-6.5.0-cp311-cp311-musllinux_1_1_x86_64.whl", hash = "sha256:cca4435eebea7962a52bdb216dec27215d0df64cf27fc1dd538415f5d2b9da6b"},
    {file = "coverage-6.5.0-cp311-cp311-win32.whl", hash = "sha256:98e8a10b7a314f454d9eff4216a9a94d143a7ee65018dd12442e898ee2310578"},
    {file = "coverage-6.5.0-cp311-cp311-win_amd64.whl", hash = "sha256:bc8ef5e043a2af066fa8cbfc6e708d58017024dc4345a1f9757b329a249f041b"},
    {file = "coverage-6.5.0-cp37-cp37m-macosx_10_9_x86_64.whl", hash = "sha256:4433b90fae13f86fafff0b326453dd42fc9a639a0d9e4eec4d366436d1a41b6d"},
    {file = "coverage-6.5.0-cp37-cp37m-manylinux_2_17_aarch64.manylinux2014_aarch64.whl", hash = "sha256:f4f05d88d9a80ad3cac6244d36dd89a3c00abc16371769f1340101d3cb899fc3"},
    {file = "coverage-6.5.0-cp37-cp37m-manylinux_2_5_i686.manylinux1_i686.manylinux_2_17_i686.manylinux2014_i686.whl", hash = "sha256:94e2565443291bd778421856bc975d351738963071e9b8839ca1fc08b42d4bef"},
    {file = "coverage-6.5.0-cp37-cp37m-manylinux_2_5_x86_64.manylinux1_x86_64.manylinux_2_17_x86_64.manylinux2014_x86_64.whl", hash = "sha256:027018943386e7b942fa832372ebc120155fd970837489896099f5cfa2890f79"},
    {file = "coverage-6.5.0-cp37-cp37m-musllinux_1_1_aarch64.whl", hash = "sha256:255758a1e3b61db372ec2736c8e2a1fdfaf563977eedbdf131de003ca5779b7d"},
    {file = "coverage-6.5.0-cp37-cp37m-musllinux_1_1_i686.whl", hash = "sha256:851cf4ff24062c6aec510a454b2584f6e998cada52d4cb58c5e233d07172e50c"},
    {file = "coverage-6.5.0-cp37-cp37m-musllinux_1_1_x86_64.whl", hash = "sha256:12adf310e4aafddc58afdb04d686795f33f4d7a6fa67a7a9d4ce7d6ae24d949f"},
    {file = "coverage-6.5.0-cp37-cp37m-win32.whl", hash = "sha256:b5604380f3415ba69de87a289a2b56687faa4fe04dbee0754bfcae433489316b"},
    {file = "coverage-6.5.0-cp37-cp37m-win_amd64.whl", hash = "sha256:4a8dbc1f0fbb2ae3de73eb0bdbb914180c7abfbf258e90b311dcd4f585d44bd2"},
    {file = "coverage-6.5.0-cp38-cp38-macosx_10_9_x86_64.whl", hash = "sha256:d900bb429fdfd7f511f868cedd03a6bbb142f3f9118c09b99ef8dc9bf9643c3c"},
    {file = "coverage-6.5.0-cp38-cp38-macosx_11_0_arm64.whl", hash = "sha256:2198ea6fc548de52adc826f62cb18554caedfb1d26548c1b7c88d8f7faa8f6ba"},
    {file = "coverage-6.5.0-cp38-cp38-manylinux_2_17_aarch64.manylinux2014_aarch64.whl", hash = "sha256:6c4459b3de97b75e3bd6b7d4b7f0db13f17f504f3d13e2a7c623786289dd670e"},
    {file = "coverage-6.5.0-cp38-cp38-manylinux_2_5_i686.manylinux1_i686.manylinux_2_17_i686.manylinux2014_i686.whl", hash = "sha256:20c8ac5386253717e5ccc827caad43ed66fea0efe255727b1053a8154d952398"},
    {file = "coverage-6.5.0-cp38-cp38-manylinux_2_5_x86_64.manylinux1_x86_64.manylinux_2_17_x86_64.manylinux2014_x86_64.whl", hash = "sha256:6b07130585d54fe8dff3d97b93b0e20290de974dc8177c320aeaf23459219c0b"},
    {file = "coverage-6.5.0-cp38-cp38-musllinux_1_1_aarch64.whl", hash = "sha256:dbdb91cd8c048c2b09eb17713b0c12a54fbd587d79adcebad543bc0cd9a3410b"},
    {file = "coverage-6.5.0-cp38-cp38-musllinux_1_1_i686.whl", hash = "sha256:de3001a203182842a4630e7b8d1a2c7c07ec1b45d3084a83d5d227a3806f530f"},
    {file = "coverage-6.5.0-cp38-cp38-musllinux_1_1_x86_64.whl", hash = "sha256:e07f4a4a9b41583d6eabec04f8b68076ab3cd44c20bd29332c6572dda36f372e"},
    {file = "coverage-6.5.0-cp38-cp38-win32.whl", hash = "sha256:6d4817234349a80dbf03640cec6109cd90cba068330703fa65ddf56b60223a6d"},
    {file = "coverage-6.5.0-cp38-cp38-win_amd64.whl", hash = "sha256:7ccf362abd726b0410bf8911c31fbf97f09f8f1061f8c1cf03dfc4b6372848f6"},
    {file = "coverage-6.5.0-cp39-cp39-macosx_10_9_x86_64.whl", hash = "sha256:633713d70ad6bfc49b34ead4060531658dc6dfc9b3eb7d8a716d5873377ab745"},
    {file = "coverage-6.5.0-cp39-cp39-macosx_11_0_arm64.whl", hash = "sha256:95203854f974e07af96358c0b261f1048d8e1083f2de9b1c565e1be4a3a48cfc"},
    {file = "coverage-6.5.0-cp39-cp39-manylinux_2_17_aarch64.manylinux2014_aarch64.whl", hash = "sha256:b9023e237f4c02ff739581ef35969c3739445fb059b060ca51771e69101efffe"},
    {file = "coverage-6.5.0-cp39-cp39-manylinux_2_5_i686.manylinux1_i686.manylinux_2_17_i686.manylinux2014_i686.whl", hash = "sha256:265de0fa6778d07de30bcf4d9dc471c3dc4314a23a3c6603d356a3c9abc2dfcf"},
    {file = "coverage-6.5.0-cp39-cp39-manylinux_2_5_x86_64.manylinux1_x86_64.manylinux_2_17_x86_64.manylinux2014_x86_64.whl", hash = "sha256:8f830ed581b45b82451a40faabb89c84e1a998124ee4212d440e9c6cf70083e5"},
    {file = "coverage-6.5.0-cp39-cp39-musllinux_1_1_aarch64.whl", hash = "sha256:7b6be138d61e458e18d8e6ddcddd36dd96215edfe5f1168de0b1b32635839b62"},
    {file = "coverage-6.5.0-cp39-cp39-musllinux_1_1_i686.whl", hash = "sha256:42eafe6778551cf006a7c43153af1211c3aaab658d4d66fa5fcc021613d02518"},
    {file = "coverage-6.5.0-cp39-cp39-musllinux_1_1_x86_64.whl", hash = "sha256:723e8130d4ecc8f56e9a611e73b31219595baa3bb252d539206f7bbbab6ffc1f"},
    {file = "coverage-6.5.0-cp39-cp39-win32.whl", hash = "sha256:d9ecf0829c6a62b9b573c7bb6d4dcd6ba8b6f80be9ba4fc7ed50bf4ac9aecd72"},
    {file = "coverage-6.5.0-cp39-cp39-win_amd64.whl", hash = "sha256:fc2af30ed0d5ae0b1abdb4ebdce598eafd5b35397d4d75deb341a614d333d987"},
    {file = "coverage-6.5.0-pp36.pp37.pp38-none-any.whl", hash = "sha256:1431986dac3923c5945271f169f59c45b8802a114c8f548d611f2015133df77a"},
    {file = "coverage-6.5.0.tar.gz", hash = "sha256:f642e90754ee3e06b0e7e51bce3379590e76b7f76b708e1a71ff043f87025c84"},
]

[package.extras]
toml = ["tomli"]

[[package]]
name = "datetime"
version = "4.9"
description = "This package provides a DateTime data type, as known from Zope. Unless you need to communicate with Zope APIs, you're probably better off using Python's built-in datetime module."
optional = false
python-versions = "*"
files = [
    {file = "DateTime-4.9-py2.py3-none-any.whl", hash = "sha256:ed114f161d7b8ec04b84f398de3fc3b973b2b7273f812aa109ee64358a01db64"},
    {file = "DateTime-4.9.tar.gz", hash = "sha256:29d346bf3ecad5ee1aad74fa2eb03de55fa298434e2f27db6dcaa12a44385681"},
]

[package.dependencies]
pytz = "*"
"zope.interface" = "*"

[[package]]
name = "flake8"
version = "5.0.4"
description = "the modular source code checker: pep8 pyflakes and co"
optional = false
python-versions = ">=3.6.1"
files = [
    {file = "flake8-5.0.4-py2.py3-none-any.whl", hash = "sha256:7a1cf6b73744f5806ab95e526f6f0d8c01c66d7bbe349562d22dfca20610b248"},
    {file = "flake8-5.0.4.tar.gz", hash = "sha256:6fbe320aad8d6b95cec8b8e47bc933004678dc63095be98528b7bdd2a9f510db"},
]

[package.dependencies]
mccabe = ">=0.7.0,<0.8.0"
pycodestyle = ">=2.9.0,<2.10.0"
pyflakes = ">=2.5.0,<2.6.0"

[[package]]
name = "httplib2"
version = "0.20.4"
description = "A comprehensive HTTP client library."
optional = false
python-versions = ">=2.7, !=3.0.*, !=3.1.*, !=3.2.*, !=3.3.*"
files = [
    {file = "httplib2-0.20.4-py3-none-any.whl", hash = "sha256:8b6a905cb1c79eefd03f8669fd993c36dc341f7c558f056cb5a33b5c2f458543"},
    {file = "httplib2-0.20.4.tar.gz", hash = "sha256:58a98e45b4b1a48273073f905d2961666ecf0fbac4250ea5b47aef259eb5c585"},
]

[package.dependencies]
pyparsing = {version = ">=2.4.2,<3.0.0 || >3.0.0,<3.0.1 || >3.0.1,<3.0.2 || >3.0.2,<3.0.3 || >3.0.3,<4", markers = "python_version > \"3.0\""}

[[package]]
name = "icalendar"
version = "5.0.13"
description = "iCalendar parser/generator"
optional = false
python-versions = ">=3.7"
files = [
    {file = "icalendar-5.0.13-py3-none-any.whl", hash = "sha256:5ded5415e2e1edef5ab230024a75878a7a81d518a3b1ae4f34bf20b173c84dc2"},
    {file = "icalendar-5.0.13.tar.gz", hash = "sha256:92799fde8cce0b61daa8383593836d1e19136e504fa1671f471f98be9b029706"},
]

[package.dependencies]
python-dateutil = "*"
pytz = "*"

[[package]]
name = "iniconfig"
version = "2.0.0"
description = "brain-dead simple config-ini parsing"
optional = false
python-versions = ">=3.7"
files = [
    {file = "iniconfig-2.0.0-py3-none-any.whl", hash = "sha256:b6a85871a79d2e3b22d2d1b94ac2824226a63c6b741c88f7ae975f18b6778374"},
    {file = "iniconfig-2.0.0.tar.gz", hash = "sha256:2d91e135bf72d31a410b17c16da610a82cb55f6b0477d1a902134b24a455b8b3"},
]

[[package]]
name = "mccabe"
version = "0.7.0"
description = "McCabe checker, plugin for flake8"
optional = false
python-versions = ">=3.6"
files = [
    {file = "mccabe-0.7.0-py2.py3-none-any.whl", hash = "sha256:6c2d30ab6be0e4a46919781807b4f0d834ebdd6c6e3dca0bda5a15f863427b6e"},
    {file = "mccabe-0.7.0.tar.gz", hash = "sha256:348e0240c33b60bbdf4e523192ef919f28cb2c3d7d5c7794f74009290f236325"},
]

[[package]]
name = "mypy-extensions"
version = "1.0.0"
description = "Type system extensions for programs checked with the mypy type checker."
optional = false
python-versions = ">=3.5"
files = [
    {file = "mypy_extensions-1.0.0-py3-none-any.whl", hash = "sha256:4392f6c0eb8a5668a69e23d168ffa70f0be9ccfd32b5cc2d26a34ae5b844552d"},
    {file = "mypy_extensions-1.0.0.tar.gz", hash = "sha256:75dbf8955dc00442a438fc4d0666508a9a97b6bd41aa2f0ffe9d2f2725af0782"},
]

[[package]]
name = "packaging"
version = "24.1"
description = "Core utilities for Python packages"
optional = false
python-versions = ">=3.8"
files = [
    {file = "packaging-24.1-py3-none-any.whl", hash = "sha256:5b8f2217dbdbd2f7f384c41c628544e6d52f2d0f53c6d0c3ea61aa5d1d7ff124"},
    {file = "packaging-24.1.tar.gz", hash = "sha256:026ed72c8ed3fcce5bf8950572258698927fd1dbda10a5e981cdf0ac37f4f002"},
]

[[package]]
name = "pathspec"
version = "0.12.1"
description = "Utility library for gitignore style pattern matching of file paths."
optional = false
python-versions = ">=3.8"
files = [
    {file = "pathspec-0.12.1-py3-none-any.whl", hash = "sha256:a0d503e138a4c123b27490a4f7beda6a01c6f288df0e4a8b79c7eb0dc7b4cc08"},
    {file = "pathspec-0.12.1.tar.gz", hash = "sha256:a482d51503a1ab33b1c67a6c3813a26953dbdc71c31dacaef9a838c4e29f5712"},
]

[[package]]
name = "platformdirs"
version = "4.2.2"
description = "A small Python package for determining appropriate platform-specific dirs, e.g. a `user data dir`."
optional = false
python-versions = ">=3.8"
files = [
    {file = "platformdirs-4.2.2-py3-none-any.whl", hash = "sha256:2d7a1657e36a80ea911db832a8a6ece5ee53d8de21edd5cc5879af6530b1bfee"},
    {file = "platformdirs-4.2.2.tar.gz", hash = "sha256:38b7b51f512eed9e84a22788b4bce1de17c0adb134d6becb09836e37d8654cd3"},
]

[package.extras]
docs = ["furo (>=2023.9.10)", "proselint (>=0.13)", "sphinx (>=7.2.6)", "sphinx-autodoc-typehints (>=1.25.2)"]
test = ["appdirs (==1.4.4)", "covdefaults (>=2.3)", "pytest (>=7.4.3)", "pytest-cov (>=4.1)", "pytest-mock (>=3.12)"]
type = ["mypy (>=1.8)"]

[[package]]
name = "pluggy"
version = "1.5.0"
description = "plugin and hook calling mechanisms for python"
optional = false
python-versions = ">=3.8"
files = [
    {file = "pluggy-1.5.0-py3-none-any.whl", hash = "sha256:44e1ad92c8ca002de6377e165f3e0f1be63266ab4d554740532335b9d75ea669"},
    {file = "pluggy-1.5.0.tar.gz", hash = "sha256:2cffa88e94fdc978c4c574f15f9e59b7f4201d439195c3715ca9e2486f1d0cf1"},
]

[package.extras]
dev = ["pre-commit", "tox"]
testing = ["pytest", "pytest-benchmark"]

[[package]]
name = "py"
version = "1.11.0"
description = "library with cross-python path, ini-parsing, io, code, log facilities"
optional = false
python-versions = ">=2.7, !=3.0.*, !=3.1.*, !=3.2.*, !=3.3.*, !=3.4.*"
files = [
    {file = "py-1.11.0-py2.py3-none-any.whl", hash = "sha256:607c53218732647dff4acdfcd50cb62615cedf612e72d1724fb1a0cc6405b378"},
    {file = "py-1.11.0.tar.gz", hash = "sha256:51c75c4126074b472f746a24399ad32f6053d1b34b68d2fa41e558e6f4a98719"},
]

[[package]]
name = "pycodestyle"
version = "2.9.1"
description = "Python style guide checker"
optional = false
python-versions = ">=3.6"
files = [
    {file = "pycodestyle-2.9.1-py2.py3-none-any.whl", hash = "sha256:d1735fc58b418fd7c5f658d28d943854f8a849b01a5d0a1e6f3f3fdd0166804b"},
    {file = "pycodestyle-2.9.1.tar.gz", hash = "sha256:2c9607871d58c76354b697b42f5d57e1ada7d261c261efac224b664affdc5785"},
]

[[package]]
name = "pyflakes"
version = "2.5.0"
description = "passive checker of Python programs"
optional = false
python-versions = ">=3.6"
files = [
    {file = "pyflakes-2.5.0-py2.py3-none-any.whl", hash = "sha256:4579f67d887f804e67edb544428f264b7b24f435b263c4614f384135cea553d2"},
    {file = "pyflakes-2.5.0.tar.gz", hash = "sha256:491feb020dca48ccc562a8c0cbe8df07ee13078df59813b83959cbdada312ea3"},
]

[[package]]
name = "pyparsing"
version = "3.1.4"
description = "pyparsing module - Classes and methods to define and execute parsing grammars"
optional = false
python-versions = ">=3.6.8"
files = [
    {file = "pyparsing-3.1.4-py3-none-any.whl", hash = "sha256:a6a7ee4235a3f944aa1fa2249307708f893fe5717dc603503c6c7969c070fb7c"},
    {file = "pyparsing-3.1.4.tar.gz", hash = "sha256:f86ec8d1a83f11977c9a6ea7598e8c27fc5cddfa5b07ea2241edbbde1d7bc032"},
]

[package.extras]
diagrams = ["jinja2", "railroad-diagrams"]

[[package]]
name = "pytest"
version = "6.2.5"
description = "pytest: simple powerful testing with Python"
optional = false
python-versions = ">=3.6"
files = [
    {file = "pytest-6.2.5-py3-none-any.whl", hash = "sha256:7310f8d27bc79ced999e760ca304d69f6ba6c6649c0b60fb0e04a4a77cacc134"},
    {file = "pytest-6.2.5.tar.gz", hash = "sha256:131b36680866a76e6781d13f101efb86cf674ebb9762eb70d3082b6f29889e89"},
]

[package.dependencies]
atomicwrites = {version = ">=1.0", markers = "sys_platform == \"win32\""}
attrs = ">=19.2.0"
colorama = {version = "*", markers = "sys_platform == \"win32\""}
iniconfig = "*"
packaging = "*"
pluggy = ">=0.12,<2.0"
py = ">=1.8.2"
toml = "*"

[package.extras]
testing = ["argcomplete", "hypothesis (>=3.56)", "mock", "nose", "requests", "xmlschema"]

[[package]]
name = "python-dateutil"
version = "2.9.0.post0"
description = "Extensions to the standard Python datetime module"
optional = false
python-versions = "!=3.0.*,!=3.1.*,!=3.2.*,>=2.7"
files = [
    {file = "python-dateutil-2.9.0.post0.tar.gz", hash = "sha256:37dd54208da7e1cd875388217d5e00ebd4179249f90fb72437e91a35459a0ad3"},
    {file = "python_dateutil-2.9.0.post0-py2.py3-none-any.whl", hash = "sha256:a8b2bc7bffae282281c8140a97d3aa9c14da0b136dfe83f850eea9a5f7470427"},
]

[package.dependencies]
six = ">=1.5"

[[package]]
name = "pytz"
version = "2021.3"
description = "World timezone definitions, modern and historical"
optional = false
python-versions = "*"
files = [
    {file = "pytz-2021.3-py2.py3-none-any.whl", hash = "sha256:3672058bc3453457b622aab7a1c3bfd5ab0bdae451512f6cf25f64ed37f5b87c"},
    {file = "pytz-2021.3.tar.gz", hash = "sha256:acad2d8b20a1af07d4e4c9d2e9285c5ed9104354062f275f3fcd88dcef4f1326"},
]

[[package]]
name = "setuptools"
version = "74.0.0"
description = "Easily download, build, install, upgrade, and uninstall Python packages"
optional = false
python-versions = ">=3.8"
files = [
    {file = "setuptools-74.0.0-py3-none-any.whl", hash = "sha256:0274581a0037b638b9fc1c6883cc71c0210865aaa76073f7882376b641b84e8f"},
    {file = "setuptools-74.0.0.tar.gz", hash = "sha256:a85e96b8be2b906f3e3e789adec6a9323abf79758ecfa3065bd740d81158b11e"},
]

[package.extras]
check = ["pytest-checkdocs (>=2.4)", "pytest-ruff (>=0.2.1)", "ruff (>=0.5.2)"]
core = ["importlib-metadata (>=6)", "importlib-resources (>=5.10.2)", "jaraco.text (>=3.7)", "more-itertools (>=8.8)", "packaging (>=24)", "platformdirs (>=2.6.2)", "tomli (>=2.0.1)", "wheel (>=0.43.0)"]
cover = ["pytest-cov"]
doc = ["furo", "jaraco.packaging (>=9.3)", "jaraco.tidelift (>=1.4)", "pygments-github-lexers (==0.0.5)", "pyproject-hooks (!=1.1)", "rst.linker (>=1.9)", "sphinx (>=3.5)", "sphinx-favicon", "sphinx-inline-tabs", "sphinx-lint", "sphinx-notfound-page (>=1,<2)", "sphinx-reredirects", "sphinxcontrib-towncrier", "towncrier (<24.7)"]
enabler = ["pytest-enabler (>=2.2)"]
test = ["build[virtualenv] (>=1.0.3)", "filelock (>=3.4.0)", "ini2toml[lite] (>=0.14)", "jaraco.develop (>=7.21)", "jaraco.envs (>=2.2)", "jaraco.path (>=3.2.0)", "jaraco.test", "packaging (>=23.2)", "pip (>=19.1)", "pyproject-hooks (!=1.1)", "pytest (>=6,!=8.1.*)", "pytest-home (>=0.5)", "pytest-perf", "pytest-subprocess", "pytest-timeout", "pytest-xdist (>=3)", "tomli-w (>=1.0.0)", "virtualenv (>=13.0.0)", "wheel (>=0.44.0)"]
type = ["importlib-metadata (>=7.0.2)", "jaraco.develop (>=7.21)", "mypy (==1.11.*)", "pytest-mypy"]

[[package]]
name = "six"
version = "1.16.0"
description = "Python 2 and 3 compatibility utilities"
optional = false
python-versions = ">=2.7, !=3.0.*, !=3.1.*, !=3.2.*"
files = [
    {file = "six-1.16.0-py2.py3-none-any.whl", hash = "sha256:8abb2f1d86890a2dfb989f9a77cfcfd3e47c2a354b01111771326f8aa26e0254"},
    {file = "six-1.16.0.tar.gz", hash = "sha256:1e61c37477a1626458e36f7b1d82aa5c9b094fa4802892072e49de9c60c4c926"},
]

[[package]]
name = "toml"
version = "0.10.2"
description = "Python Library for Tom's Obvious, Minimal Language"
optional = false
python-versions = ">=2.6, !=3.0.*, !=3.1.*, !=3.2.*"
files = [
    {file = "toml-0.10.2-py2.py3-none-any.whl", hash = "sha256:806143ae5bfb6a3c6e736a764057db0e6a0e05e338b5630894a5f779cabb4f9b"},
    {file = "toml-0.10.2.tar.gz", hash = "sha256:b3bda1d108d5dd99f4a20d24d9c348e91c4db7ab1b749200bded2f839ccbe68f"},
]

[[package]]
name = "tomli"
version = "2.0.1"
description = "A lil' TOML parser"
optional = false
python-versions = ">=3.7"
files = [
    {file = "tomli-2.0.1-py3-none-any.whl", hash = "sha256:939de3e7a6161af0c887ef91b7d41a53e7c5a1ca976325f429cb46ea9bc30ecc"},
    {file = "tomli-2.0.1.tar.gz", hash = "sha256:de526c12914f0c550d15924c62d72abc48d6fe7364aa87328337a31007fe8a4f"},
]

[[package]]
name = "typing-extensions"
version = "4.12.2"
description = "Backported and Experimental Type Hints for Python 3.8+"
optional = false
python-versions = ">=3.8"
files = [
    {file = "typing_extensions-4.12.2-py3-none-any.whl", hash = "sha256:04e5ca0351e0f3f85c6853954072df659d0d13fac324d0072316b67d7794700d"},
    {file = "typing_extensions-4.12.2.tar.gz", hash = "sha256:1a7ead55c7e559dd4dee8856e3a88b41225abfe1ce8df57b7c13915fe121ffb8"},
]

[[package]]
name = "zope-interface"
version = "7.0.3"
description = "Interfaces for Python"
optional = false
python-versions = ">=3.8"
files = [
    {file = "zope.interface-7.0.3-cp310-cp310-macosx_10_9_x86_64.whl", hash = "sha256:9b9369671a20b8d039b8e5a1a33abd12e089e319a3383b4cc0bf5c67bd05fe7b"},
    {file = "zope.interface-7.0.3-cp310-cp310-macosx_11_0_arm64.whl", hash = "sha256:db6237e8fa91ea4f34d7e2d16d74741187e9105a63bbb5686c61fea04cdbacca"},
    {file = "zope.interface-7.0.3-cp310-cp310-manylinux_2_17_aarch64.manylinux2014_aarch64.whl", hash = "sha256:53d678bb1c3b784edbfb0adeebfeea6bf479f54da082854406a8f295d36f8386"},
    {file = "zope.interface-7.0.3-cp310-cp310-manylinux_2_5_i686.manylinux1_i686.manylinux_2_17_i686.manylinux2014_i686.whl", hash = "sha256:3aa8fcbb0d3c2be1bfd013a0f0acd636f6ed570c287743ae2bbd467ee967154d"},
    {file = "zope.interface-7.0.3-cp310-cp310-manylinux_2_5_x86_64.manylinux1_x86_64.manylinux_2_17_x86_64.manylinux2014_x86_64.whl", hash = "sha256:6195c3c03fef9f87c0dbee0b3b6451df6e056322463cf35bca9a088e564a3c58"},
    {file = "zope.interface-7.0.3-cp310-cp310-win_amd64.whl", hash = "sha256:11fa1382c3efb34abf16becff8cb214b0b2e3144057c90611621f2d186b7e1b7"},
    {file = "zope.interface-7.0.3-cp311-cp311-macosx_10_9_x86_64.whl", hash = "sha256:af94e429f9d57b36e71ef4e6865182090648aada0cb2d397ae2b3f7fc478493a"},
    {file = "zope.interface-7.0.3-cp311-cp311-macosx_11_0_arm64.whl", hash = "sha256:6dd647fcd765030638577fe6984284e0ebba1a1008244c8a38824be096e37fe3"},
    {file = "zope.interface-7.0.3-cp311-cp311-manylinux_2_17_aarch64.manylinux2014_aarch64.whl", hash = "sha256:1bee1b722077d08721005e8da493ef3adf0b7908e0cd85cc7dc836ac117d6f32"},
    {file = "zope.interface-7.0.3-cp311-cp311-manylinux_2_5_i686.manylinux1_i686.manylinux_2_17_i686.manylinux2014_i686.whl", hash = "sha256:2545d6d7aac425d528cd9bf0d9e55fcd47ab7fd15f41a64b1c4bf4c6b24946dc"},
    {file = "zope.interface-7.0.3-cp311-cp311-manylinux_2_5_x86_64.manylinux1_x86_64.manylinux_2_17_x86_64.manylinux2014_x86_64.whl", hash = "sha256:6d04b11ea47c9c369d66340dbe51e9031df2a0de97d68f442305ed7625ad6493"},
    {file = "zope.interface-7.0.3-cp311-cp311-win_amd64.whl", hash = "sha256:064ade95cb54c840647205987c7b557f75d2b2f7d1a84bfab4cf81822ef6e7d1"},
    {file = "zope.interface-7.0.3-cp312-cp312-macosx_10_9_x86_64.whl", hash = "sha256:3fcdc76d0cde1c09c37b7c6b0f8beba2d857d8417b055d4f47df9c34ec518bdd"},
    {file = "zope.interface-7.0.3-cp312-cp312-macosx_11_0_arm64.whl", hash = "sha256:3d4b91821305c8d8f6e6207639abcbdaf186db682e521af7855d0bea3047c8ca"},
    {file = "zope.interface-7.0.3-cp312-cp312-manylinux_2_17_aarch64.manylinux2014_aarch64.whl", hash = "sha256:35062d93bc49bd9b191331c897a96155ffdad10744ab812485b6bad5b588d7e4"},
    {file = "zope.interface-7.0.3-cp312-cp312-manylinux_2_5_i686.manylinux1_i686.manylinux_2_17_i686.manylinux2014_i686.whl", hash = "sha256:c96b3e6b0d4f6ddfec4e947130ec30bd2c7b19db6aa633777e46c8eecf1d6afd"},
    {file = "zope.interface-7.0.3-cp312-cp312-manylinux_2_5_x86_64.manylinux1_x86_64.manylinux_2_17_x86_64.manylinux2014_x86_64.whl", hash = "sha256:7e0c151a6c204f3830237c59ee4770cc346868a7a1af6925e5e38650141a7f05"},
    {file = "zope.interface-7.0.3-cp312-cp312-win_amd64.whl", hash = "sha256:3de1d553ce72868b77a7e9d598c9bff6d3816ad2b4cc81c04f9d8914603814f3"},
    {file = "zope.interface-7.0.3-cp313-cp313-manylinux_2_17_aarch64.manylinux2014_aarch64.whl", hash = "sha256:ab985c566a99cc5f73bc2741d93f1ed24a2cc9da3890144d37b9582965aff996"},
    {file = "zope.interface-7.0.3-cp313-cp313-manylinux_2_5_i686.manylinux1_i686.manylinux_2_17_i686.manylinux2014_i686.whl", hash = "sha256:d976fa7b5faf5396eb18ce6c132c98e05504b52b60784e3401f4ef0b2e66709b"},
    {file = "zope.interface-7.0.3-cp313-cp313-manylinux_2_5_x86_64.manylinux1_x86_64.manylinux_2_17_x86_64.manylinux2014_x86_64.whl", hash = "sha256:21a207c6b2c58def5011768140861a73f5240f4f39800625072ba84e76c9da0b"},
    {file = "zope.interface-7.0.3-cp38-cp38-macosx_10_9_x86_64.whl", hash = "sha256:382d31d1e68877061daaa6499468e9eb38eb7625d4369b1615ac08d3860fe896"},
    {file = "zope.interface-7.0.3-cp38-cp38-macosx_11_0_arm64.whl", hash = "sha256:2c4316a30e216f51acbd9fb318aa5af2e362b716596d82cbb92f9101c8f8d2e7"},
    {file = "zope.interface-7.0.3-cp38-cp38-manylinux_2_17_aarch64.manylinux2014_aarch64.whl", hash = "sha256:01e6e58078ad2799130c14a1d34ec89044ada0e1495329d72ee0407b9ae5100d"},
    {file = "zope.interface-7.0.3-cp38-cp38-manylinux_2_5_i686.manylinux1_i686.manylinux_2_17_i686.manylinux2014_i686.whl", hash = "sha256:799ef7a444aebbad5a145c3b34bff012b54453cddbde3332d47ca07225792ea4"},
    {file = "zope.interface-7.0.3-cp38-cp38-manylinux_2_5_x86_64.manylinux1_x86_64.manylinux_2_17_x86_64.manylinux2014_x86_64.whl", hash = "sha256:d3b7ce6d46fb0e60897d62d1ff370790ce50a57d40a651db91a3dde74f73b738"},
    {file = "zope.interface-7.0.3-cp38-cp38-win_amd64.whl", hash = "sha256:f418c88f09c3ba159b95a9d1cfcdbe58f208443abb1f3109f4b9b12fd60b187c"},
    {file = "zope.interface-7.0.3-cp39-cp39-macosx_10_9_x86_64.whl", hash = "sha256:84f8794bd59ca7d09d8fce43ae1b571be22f52748169d01a13d3ece8394d8b5b"},
    {file = "zope.interface-7.0.3-cp39-cp39-macosx_11_0_arm64.whl", hash = "sha256:7d92920416f31786bc1b2f34cc4fc4263a35a407425319572cbf96b51e835cd3"},
    {file = "zope.interface-7.0.3-cp39-cp39-manylinux_2_17_aarch64.manylinux2014_aarch64.whl", hash = "sha256:95e5913ec718010dc0e7c215d79a9683b4990e7026828eedfda5268e74e73e11"},
    {file = "zope.interface-7.0.3-cp39-cp39-manylinux_2_5_i686.manylinux1_i686.manylinux_2_17_i686.manylinux2014_i686.whl", hash = "sha256:1eeeb92cb7d95c45e726e3c1afe7707919370addae7ed14f614e22217a536958"},
    {file = "zope.interface-7.0.3-cp39-cp39-manylinux_2_5_x86_64.manylinux1_x86_64.manylinux_2_17_x86_64.manylinux2014_x86_64.whl", hash = "sha256:ecd32f30f40bfd8511b17666895831a51b532e93fc106bfa97f366589d3e4e0e"},
    {file = "zope.interface-7.0.3-cp39-cp39-win_amd64.whl", hash = "sha256:5112c530fa8aa2108a3196b9c2f078f5738c1c37cfc716970edc0df0414acda8"},
    {file = "zope.interface-7.0.3.tar.gz", hash = "sha256:cd2690d4b08ec9eaf47a85914fe513062b20da78d10d6d789a792c0b20307fb1"},
]

[package.dependencies]
setuptools = "*"

[package.extras]
docs = ["Sphinx", "repoze.sphinx.autointerface", "sphinx-rtd-theme"]
test = ["coverage (>=5.0.3)", "zope.event", "zope.testing"]
testing = ["coverage (>=5.0.3)", "zope.event", "zope.testing"]

[metadata]
lock-version = "2.0"
python-versions = "^3.9"
content-hash = "9d057402bbd5a7e3e7efc7393e2fd0ad0e0841bcd7e7bcd2bfe1df4a5a21524c"
